
Microsoft Visual Studio Solution File, Format Version 12.00
# Visual Studio 14
VisualStudioVersion = 14.0.24720.0
MinimumVisualStudioVersion = 10.0.40219.1
Project("{FAE04EC0-301F-11D3-BF4B-00C04F79EFBC}") = "ParkitectNexus.AssetMagic", "src\ParkitectNexus.AssetMagic\ParkitectNexus.AssetMagic.csproj", "{AB184510-DD74-4304-A7FB-728A4220C7C4}"
EndProject
Project("{FAE04EC0-301F-11D3-BF4B-00C04F79EFBC}") = "ParkitectNexus.AssetMagic.Debug", "src\ParkitectNexus.AssetMagic.Debug\ParkitectNexus.AssetMagic.Debug.csproj", "{EBD124FE-CAA2-4B5F-B6BD-378250D564AF}"
EndProject
Global
	GlobalSection(SolutionConfigurationPlatforms) = preSolution
		Debug|Any CPU = Debug|Any CPU
		Release|Any CPU = Release|Any CPU
	EndGlobalSection
	GlobalSection(ProjectConfigurationPlatforms) = postSolution
		{AB184510-DD74-4304-A7FB-728A4220C7C4}.Debug|Any CPU.ActiveCfg = Debug|Any CPU
		{AB184510-DD74-4304-A7FB-728A4220C7C4}.Debug|Any CPU.Build.0 = Debug|Any CPU
		{AB184510-DD74-4304-A7FB-728A4220C7C4}.Release|Any CPU.ActiveCfg = Release|Any CPU
		{AB184510-DD74-4304-A7FB-728A4220C7C4}.Release|Any CPU.Build.0 = Release|Any CPU
		{EBD124FE-CAA2-4B5F-B6BD-378250D564AF}.Debug|Any CPU.ActiveCfg = Debug|Any CPU
		{EBD124FE-CAA2-4B5F-B6BD-378250D564AF}.Debug|Any CPU.Build.0 = Debug|Any CPU
		{EBD124FE-CAA2-4B5F-B6BD-378250D564AF}.Release|Any CPU.ActiveCfg = Release|Any CPU
		{EBD124FE-CAA2-4B5F-B6BD-378250D564AF}.Release|Any CPU.Build.0 = Release|Any CPU
	EndGlobalSection
	GlobalSection(SolutionProperties) = preSolution
		HideSolutionNode = FALSE
	EndGlobalSection
EndGlobal
